
Microsoft Visual Studio Solution File, Format Version 12.00
# Visual Studio Version 18
VisualStudioVersion = 18.2.11415.280 d18.0
MinimumVisualStudioVersion = 10.0.40219.1
Project("{FAE04EC0-301F-11D3-BF4B-00C04F79EFBC}") = "JW_DataStructure&Algorithms", "JW_DataStructure&Algorithms.csproj", "{5C42FB0E-21C4-C326-248D-457681A9E7CC}"
EndProject
Global
	GlobalSection(SolutionConfigurationPlatforms) = preSolution
		Debug|Any CPU = Debug|Any CPU
		Release|Any CPU = Release|Any CPU
	EndGlobalSection
	GlobalSection(ProjectConfigurationPlatforms) = postSolution
		{5C42FB0E-21C4-C326-248D-457681A9E7CC}.Debug|Any CPU.ActiveCfg = Debug|Any CPU
		{5C42FB0E-21C4-C326-248D-457681A9E7CC}.Debug|Any CPU.Build.0 = Debug|Any CPU
		{5C42FB0E-21C4-C326-248D-457681A9E7CC}.Release|Any CPU.ActiveCfg = Release|Any CPU
		{5C42FB0E-21C4-C326-248D-457681A9E7CC}.Release|Any CPU.Build.0 = Release|Any CPU
	EndGlobalSection
	GlobalSection(SolutionProperties) = preSolution
		HideSolutionNode = FALSE
	EndGlobalSection
	GlobalSection(ExtensibilityGlobals) = postSolution
		SolutionGuid = {8DA69B58-06A1-4B75-B9D9-51A724E1FC9E}
	EndGlobalSection
EndGlobal
